// !$*UTF8*$!
{
	archiveVersion = 1;
	classes = {
	};
	objectVersion = 46;
	objects = {

/* Begin PBXBuildFile section */
		00748058165D41390024B57A /* assets in Resources */ = {isa = PBXBuildFile; fileRef = 00748057165D41390024B57A /* assets */; };
		0087D25512CD809F002CD69F /* CoreText.framework in Frameworks */ = {isa = PBXBuildFile; fileRef = 0087D25412CD809F002CD69F /* CoreText.framework */; };
		00A66A361965AC8800B17EB3 /* Accelerate.framework in Frameworks */ = {isa = PBXBuildFile; fileRef = 00A66A351965AC8800B17EB3 /* Accelerate.framework */; };
		00CFDF6B1138442D0091E310 /* CoreGraphics.framework in Frameworks */ = {isa = PBXBuildFile; fileRef = 00CFDF6A1138442D0091E310 /* CoreGraphics.framework */; };
		1D60589F0D05DD5A006BFB54 /* Foundation.framework in Frameworks */ = {isa = PBXBuildFile; fileRef = 1D30AB110D05D00D00671497 /* Foundation.framework */; };
		1DF5F4E00D08C38300B7A737 /* UIKit.framework in Frameworks */ = {isa = PBXBuildFile; fileRef = 1DF5F4DF0D08C38300B7A737 /* UIKit.framework */; };
		28FD15000DC6FC520079059D /* OpenGLES.framework in Frameworks */ = {isa = PBXBuildFile; fileRef = 28FD14FF0DC6FC520079059D /* OpenGLES.framework */; };
		28FD15080DC6FC5B0079059D /* QuartzCore.framework in Frameworks */ = {isa = PBXBuildFile; fileRef = 28FD15070DC6FC5B0079059D /* QuartzCore.framework */; };
		46D99625DF0E40B1AEBA0A3F /* CinderApp_ios.png in Resources */ = {isa = PBXBuildFile; fileRef = F4BBDDA1C472442C8509E1E9 /* CinderApp_ios.png */; };
		9D20CA325E33400FAC4C376B /* Images.xcassets in Resources */ = {isa = PBXBuildFile; fileRef = 03240AEABE9D4FBC87CA7719 /* Images.xcassets */; };
		A305D2011C1F36940002446F /* Security.framework in Frameworks */ = {isa = PBXBuildFile; fileRef = A305D1FE1C1F36940002446F /* Security.framework */; };
		A305D2021C1F36940002446F /* SystemConfiguration.framework in Frameworks */ = {isa = PBXBuildFile; fileRef = A305D1FF1C1F36940002446F /* SystemConfiguration.framework */; };
		A30F8F33254C631A000920B5 /* PDSampler.mm in Sources */ = {isa = PBXBuildFile; fileRef = A30F8F32254C631A000920B5 /* PDSampler.mm */; };
		A31340AE1C10A4DF0099FED3 /* iTunesArtwork in Resources */ = {isa = PBXBuildFile; fileRef = A31340AC1C10A4DF0099FED3 /* iTunesArtwork */; };
		A31340AF1C10A4DF0099FED3 /* iTunesArtwork@2x in Resources */ = {isa = PBXBuildFile; fileRef = A31340AD1C10A4DF0099FED3 /* iTunesArtwork@2x */; };
		A36851CA1C0B4E7C00180A4D /* SupportUsViewController.mm in Sources */ = {isa = PBXBuildFile; fileRef = A36851C91C0B4E7C00180A4D /* SupportUsViewController.mm */; };
		A375D7861C3D935B00510021 /* CBAppDelegateImpl.mm in Sources */ = {isa = PBXBuildFile; fileRef = A375D7851C3D935B00510021 /* CBAppDelegateImpl.mm */; };
		A37E4A3E1C567DCA003C9760 /* Storyboard.storyboard in Resources */ = {isa = PBXBuildFile; fileRef = A37E4A401C567DCA003C9760 /* Storyboard.storyboard */; };
		A37E4A451C567F54003C9760 /* Localizable.strings in Resources */ = {isa = PBXBuildFile; fileRef = A37E4A471C567F54003C9760 /* Localizable.strings */; };
		A3A4C00B1C0C7A9900812274 /* MBProgressHUD.m in Sources */ = {isa = PBXBuildFile; fileRef = A3A4C00A1C0C7A9900812274 /* MBProgressHUD.m */; };
		A3A4C00E1C0C8A3B00812274 /* StoreObserver.m in Sources */ = {isa = PBXBuildFile; fileRef = A3A4C00D1C0C8A3B00812274 /* StoreObserver.m */; };
		A3A4C0101C0DB28200812274 /* StoreKit.framework in Frameworks */ = {isa = PBXBuildFile; fileRef = A3A4C00F1C0DB28200812274 /* StoreKit.framework */; };
		A3A9CA951C00F52000CAE19B /* BellView.cpp in Sources */ = {isa = PBXBuildFile; fileRef = A3A9CA931C00F52000CAE19B /* BellView.cpp */; };
		A3A9CA981C0106CC00CAE19B /* EPSSampler.m in Sources */ = {isa = PBXBuildFile; fileRef = A3A9CA971C0106CC00CAE19B /* EPSSampler.m */; };
		A3A9CA9D1C010CA600CAE19B /* Sounds in Resources */ = {isa = PBXBuildFile; fileRef = A3A9CA9C1C010CA600CAE19B /* Sounds */; };
		A3B077771C0DD4E50000C276 /* InstrumentSelectViewController.mm in Sources */ = {isa = PBXBuildFile; fileRef = A3B077761C0DD4E50000C276 /* InstrumentSelectViewController.mm */; };
		A3B0777A1C0DF3BE0000C276 /* InstrumentCellView.m in Sources */ = {isa = PBXBuildFile; fileRef = A3B077791C0DF3BE0000C276 /* InstrumentCellView.m */; };
		A3B077801C0E38440000C276 /* PresetsTableViewController.mm in Sources */ = {isa = PBXBuildFile; fileRef = A3B0777F1C0E38440000C276 /* PresetsTableViewController.mm */; };
		A3BC44101C31D86800E74C67 /* Social.framework in Frameworks */ = {isa = PBXBuildFile; fileRef = A3BC440F1C31D86800E74C67 /* Social.framework */; };
		A3BC80841C05CB5D00384791 /* FirstViewController.mm in Sources */ = {isa = PBXBuildFile; fileRef = A3BC80831C05CB5D00384791 /* FirstViewController.mm */; };
		A3BF67F61C08BAE9006F8B24 /* ScaleSelectionTableViewController.mm in Sources */ = {isa = PBXBuildFile; fileRef = A3BF67F51C08BAE9006F8B24 /* ScaleSelectionTableViewController.mm */; };
		A3BF67F81C08CB44006F8B24 /* Launch Screen.storyboard in Resources */ = {isa = PBXBuildFile; fileRef = A3BF67F71C08CB44006F8B24 /* Launch Screen.storyboard */; };
		A3EF0AD41C00AB24008D5DBC /* mopRootView.cpp in Sources */ = {isa = PBXBuildFile; fileRef = A3EF0ACB1C00AB24008D5DBC /* mopRootView.cpp */; };
		A3EF0AD51C00AB24008D5DBC /* mopView.cpp in Sources */ = {isa = PBXBuildFile; fileRef = A3EF0ACD1C00AB24008D5DBC /* mopView.cpp */; };
		A3F017632559CB9900A319A5 /* StoredStateManager_iOS.mm in Sources */ = {isa = PBXBuildFile; fileRef = A3F017612559C8CD00A319A5 /* StoredStateManager_iOS.mm */; };
		A3FA44E225489BC9004931B5 /* AVFoundation.framework in Frameworks */ = {isa = PBXBuildFile; fileRef = C725E000121DAC8F00FA186B /* AVFoundation.framework */; };
		A3FA44E325489BD6004931B5 /* libpd-ios.a in Frameworks */ = {isa = PBXBuildFile; fileRef = A3FA44D425489B4E004931B5 /* libpd-ios.a */; };
		A3FA44F325489D25004931B5 /* CoreServices.framework in Frameworks */ = {isa = PBXBuildFile; fileRef = A3FA44F225489D25004931B5 /* CoreServices.framework */; };
		A3FA44F625489DED004931B5 /* pd-sampler in Resources */ = {isa = PBXBuildFile; fileRef = A3FA44F525489DED004931B5 /* pd-sampler */; };
		C725E001121DAC8FFFFA18FF /* ImageIO.framework in Frameworks */ = {isa = PBXBuildFile; fileRef = 00CFDF6A1138442D0091FFFF /* ImageIO.framework */; settings = {ATTRIBUTES = (Required, ); }; };
		C7FB19D6124BC0D70045AFD2 /* AudioToolbox.framework in Frameworks */ = {isa = PBXBuildFile; fileRef = C7FB19D5124BC0D70045AFD2 /* AudioToolbox.framework */; };
		D950037824BA4FA98FD65087 /* CircularBellsApp.mm in Sources */ = {isa = PBXBuildFile; fileRef = F9DEEB22B4F54E51A99B63BF /* CircularBellsApp.mm */; };
/* End PBXBuildFile section */

/* Begin PBXContainerItemProxy section */
		A3FA44D325489B4E004931B5 /* PBXContainerItemProxy */ = {
			isa = PBXContainerItemProxy;
			containerPortal = A3FA44CC25489B4E004931B5 /* libpd.xcodeproj */;
			proxyType = 2;
			remoteGlobalIDString = D2AAC07E0554694100DB518D;
			remoteInfo = "libpd-ios";
		};
		A3FA44D525489B4E004931B5 /* PBXContainerItemProxy */ = {
			isa = PBXContainerItemProxy;
			containerPortal = A3FA44CC25489B4E004931B5 /* libpd.xcodeproj */;
			proxyType = 2;
			remoteGlobalIDString = 119013AB1486450C00086F19;
			remoteInfo = "libpd-osx";
		};
		A3FA44D725489B4E004931B5 /* PBXContainerItemProxy */ = {
			isa = PBXContainerItemProxy;
			containerPortal = A3FA44CC25489B4E004931B5 /* libpd.xcodeproj */;
			proxyType = 2;
			remoteGlobalIDString = 30C3D36D1FAA200100C67F08;
			remoteInfo = "libpd-ios-multi";
		};
		A3FA44D925489B4E004931B5 /* PBXContainerItemProxy */ = {
			isa = PBXContainerItemProxy;
			containerPortal = A3FA44CC25489B4E004931B5 /* libpd.xcodeproj */;
			proxyType = 2;
			remoteGlobalIDString = 30C3D2FA1FAA1FCC00C67F08;
			remoteInfo = "libpd-osx-multi";
		};
		A3FA44E025489BA5004931B5 /* PBXContainerItemProxy */ = {
			isa = PBXContainerItemProxy;
			containerPortal = A3FA44CC25489B4E004931B5 /* libpd.xcodeproj */;
			proxyType = 1;
			remoteGlobalIDString = D2AAC07D0554694100DB518D;
			remoteInfo = "libpd-ios";
		};
/* End PBXContainerItemProxy section */

/* Begin PBXFileReference section */
		00692BCF14FF149000D0A05E /* Circular Bells.app */ = {isa = PBXFileReference; explicitFileType = wrapper.application; includeInIndex = 0; path = "Circular Bells.app"; sourceTree = BUILT_PRODUCTS_DIR; };
		00748057165D41390024B57A /* assets */ = {isa = PBXFileReference; lastKnownFileType = folder; name = assets; path = ../assets; sourceTree = "<group>"; };
		0087D25412CD809F002CD69F /* CoreText.framework */ = {isa = PBXFileReference; lastKnownFileType = wrapper.framework; name = CoreText.framework; path = System/Library/Frameworks/CoreText.framework; sourceTree = SDKROOT; };
		00A66A351965AC8800B17EB3 /* Accelerate.framework */ = {isa = PBXFileReference; lastKnownFileType = wrapper.framework; name = Accelerate.framework; path = System/Library/Frameworks/Accelerate.framework; sourceTree = SDKROOT; };
		00CFDF6A1138442D0091E310 /* CoreGraphics.framework */ = {isa = PBXFileReference; lastKnownFileType = wrapper.framework; name = CoreGraphics.framework; path = System/Library/Frameworks/CoreGraphics.framework; sourceTree = SDKROOT; };
		00CFDF6A1138442D0091FFFF /* ImageIO.framework */ = {isa = PBXFileReference; lastKnownFileType = wrapper.framework; name = ImageIO.framework; path = System/Library/Frameworks/ImageIO.framework; sourceTree = SDKROOT; };
		03240AEABE9D4FBC87CA7719 /* Images.xcassets */ = {isa = PBXFileReference; lastKnownFileType = "\"\""; path = Images.xcassets; sourceTree = "<group>"; };
		1D30AB110D05D00D00671497 /* Foundation.framework */ = {isa = PBXFileReference; lastKnownFileType = wrapper.framework; name = Foundation.framework; path = System/Library/Frameworks/Foundation.framework; sourceTree = SDKROOT; };
		1DF5F4DF0D08C38300B7A737 /* UIKit.framework */ = {isa = PBXFileReference; lastKnownFileType = wrapper.framework; name = UIKit.framework; path = System/Library/Frameworks/UIKit.framework; sourceTree = SDKROOT; };
		28FD14FF0DC6FC520079059D /* OpenGLES.framework */ = {isa = PBXFileReference; lastKnownFileType = wrapper.framework; name = OpenGLES.framework; path = System/Library/Frameworks/OpenGLES.framework; sourceTree = SDKROOT; };
		28FD15070DC6FC5B0079059D /* QuartzCore.framework */ = {isa = PBXFileReference; lastKnownFileType = wrapper.framework; name = QuartzCore.framework; path = System/Library/Frameworks/QuartzCore.framework; sourceTree = SDKROOT; };
		96F8211F2EEB48B5AC79BBB9 /* Info.plist */ = {isa = PBXFileReference; lastKnownFileType = text.plist.xml; path = Info.plist; sourceTree = "<group>"; };
		A305D1FA1C1F35AC0002446F /* Fabric.framework */ = {isa = PBXFileReference; lastKnownFileType = wrapper.framework; path = Fabric.framework; sourceTree = "<group>"; };
		A305D1FE1C1F36940002446F /* Security.framework */ = {isa = PBXFileReference; lastKnownFileType = wrapper.framework; name = Security.framework; path = System/Library/Frameworks/Security.framework; sourceTree = SDKROOT; };
		A305D1FF1C1F36940002446F /* SystemConfiguration.framework */ = {isa = PBXFileReference; lastKnownFileType = wrapper.framework; name = SystemConfiguration.framework; path = System/Library/Frameworks/SystemConfiguration.framework; sourceTree = SDKROOT; };
		A305D2001C1F36940002446F /* Crashlytics.framework */ = {isa = PBXFileReference; lastKnownFileType = wrapper.framework; path = Crashlytics.framework; sourceTree = "<group>"; };
		A30F8F2E254C622E000920B5 /* PDSampler.h */ = {isa = PBXFileReference; lastKnownFileType = sourcecode.c.h; path = PDSampler.h; sourceTree = "<group>"; };
		A30F8F32254C631A000920B5 /* PDSampler.mm */ = {isa = PBXFileReference; lastKnownFileType = sourcecode.cpp.objcpp; path = PDSampler.mm; sourceTree = "<group>"; };
		A31340AC1C10A4DF0099FED3 /* iTunesArtwork */ = {isa = PBXFileReference; lastKnownFileType = file; path = iTunesArtwork; sourceTree = "<group>"; };
		A31340AD1C10A4DF0099FED3 /* iTunesArtwork@2x */ = {isa = PBXFileReference; lastKnownFileType = file; path = "iTunesArtwork@2x"; sourceTree = "<group>"; };
		A341675C1C56A8F30084A4D8 /* it */ = {isa = PBXFileReference; lastKnownFileType = text.plist.strings; name = it; path = it.lproj/Localizable.strings; sourceTree = "<group>"; };
		A36851C41C09B6A800180A4D /* SceneKit.framework */ = {isa = PBXFileReference; lastKnownFileType = wrapper.framework; name = SceneKit.framework; path = System/Library/Frameworks/SceneKit.framework; sourceTree = SDKROOT; };
		A36851C81C0B4E7C00180A4D /* SupportUsViewController.h */ = {isa = PBXFileReference; fileEncoding = 4; lastKnownFileType = sourcecode.c.h; path = SupportUsViewController.h; sourceTree = "<group>"; };
		A36851C91C0B4E7C00180A4D /* SupportUsViewController.mm */ = {isa = PBXFileReference; fileEncoding = 4; lastKnownFileType = sourcecode.cpp.objcpp; path = SupportUsViewController.mm; sourceTree = "<group>"; };
		A36DD9C31C5A21840073891D /* es */ = {isa = PBXFileReference; lastKnownFileType = text.plist.strings; name = es; path = es.lproj/Storyboard.strings; sourceTree = "<group>"; };
		A36DD9C41C5A21840073891D /* es */ = {isa = PBXFileReference; lastKnownFileType = text.plist.strings; name = es; path = es.lproj/Localizable.strings; sourceTree = "<group>"; };
		A375D7841C3D935B00510021 /* CBAppDelegateImpl.h */ = {isa = PBXFileReference; fileEncoding = 4; lastKnownFileType = sourcecode.c.h; path = CBAppDelegateImpl.h; sourceTree = "<group>"; };
		A375D7851C3D935B00510021 /* CBAppDelegateImpl.mm */ = {isa = PBXFileReference; fileEncoding = 4; lastKnownFileType = sourcecode.cpp.objcpp; path = CBAppDelegateImpl.mm; sourceTree = "<group>"; };
		A37E4A411C567DD7003C9760 /* Base */ = {isa = PBXFileReference; lastKnownFileType = file.storyboard; name = Base; path = Base.lproj/Storyboard.storyboard; sourceTree = "<group>"; };
		A37E4A421C567DF6003C9760 /* it */ = {isa = PBXFileReference; lastKnownFileType = text.plist.strings; name = it; path = it.lproj/Storyboard.strings; sourceTree = "<group>"; };
		A37E4A461C567F54003C9760 /* Base */ = {isa = PBXFileReference; lastKnownFileType = text.plist.strings; name = Base; path = Base.lproj/Localizable.strings; sourceTree = "<group>"; };
		A38503551C0738D7001F1866 /* iAd.framework */ = {isa = PBXFileReference; lastKnownFileType = wrapper.framework; name = iAd.framework; path = System/Library/Frameworks/iAd.framework; sourceTree = SDKROOT; };
		A39520891C37DA95007FD1C9 /* lzw.h */ = {isa = PBXFileReference; lastKnownFileType = sourcecode.c.h; path = lzw.h; sourceTree = "<group>"; };
		A3A4C0091C0C7A9900812274 /* MBProgressHUD.h */ = {isa = PBXFileReference; fileEncoding = 4; lastKnownFileType = sourcecode.c.h; path = MBProgressHUD.h; sourceTree = "<group>"; };
		A3A4C00A1C0C7A9900812274 /* MBProgressHUD.m */ = {isa = PBXFileReference; fileEncoding = 4; lastKnownFileType = sourcecode.c.objc; path = MBProgressHUD.m; sourceTree = "<group>"; };
		A3A4C00C1C0C8A3B00812274 /* StoreObserver.h */ = {isa = PBXFileReference; fileEncoding = 4; lastKnownFileType = sourcecode.c.h; path = StoreObserver.h; sourceTree = "<group>"; };
		A3A4C00D1C0C8A3B00812274 /* StoreObserver.m */ = {isa = PBXFileReference; fileEncoding = 4; lastKnownFileType = sourcecode.c.objc; path = StoreObserver.m; sourceTree = "<group>"; };
		A3A4C00F1C0DB28200812274 /* StoreKit.framework */ = {isa = PBXFileReference; lastKnownFileType = wrapper.framework; name = StoreKit.framework; path = System/Library/Frameworks/StoreKit.framework; sourceTree = SDKROOT; };
		A3A9CA931C00F52000CAE19B /* BellView.cpp */ = {isa = PBXFileReference; fileEncoding = 4; lastKnownFileType = sourcecode.cpp.cpp; name = BellView.cpp; path = ../src/BellView.cpp; sourceTree = "<group>"; };
		A3A9CA941C00F52000CAE19B /* BellView.h */ = {isa = PBXFileReference; fileEncoding = 4; lastKnownFileType = sourcecode.c.h; name = BellView.h; path = ../src/BellView.h; sourceTree = "<group>"; };
		A3A9CA961C0106CC00CAE19B /* EPSSampler.h */ = {isa = PBXFileReference; fileEncoding = 4; lastKnownFileType = sourcecode.c.h; path = EPSSampler.h; sourceTree = "<group>"; };
		A3A9CA971C0106CC00CAE19B /* EPSSampler.m */ = {isa = PBXFileReference; fileEncoding = 4; lastKnownFileType = sourcecode.c.objc; path = EPSSampler.m; sourceTree = "<group>"; };
		A3A9CA9C1C010CA600CAE19B /* Sounds */ = {isa = PBXFileReference; lastKnownFileType = folder; name = Sounds; path = /Users/morpheu5/src/CircularBells/iOS/resources/Sounds; sourceTree = "<absolute>"; };
		A3B077751C0DD4E50000C276 /* InstrumentSelectViewController.h */ = {isa = PBXFileReference; fileEncoding = 4; lastKnownFileType = sourcecode.c.h; path = InstrumentSelectViewController.h; sourceTree = "<group>"; };
		A3B077761C0DD4E50000C276 /* InstrumentSelectViewController.mm */ = {isa = PBXFileReference; fileEncoding = 4; lastKnownFileType = sourcecode.cpp.objcpp; path = InstrumentSelectViewController.mm; sourceTree = "<group>"; };
		A3B077781C0DF3BE0000C276 /* InstrumentCellView.h */ = {isa = PBXFileReference; fileEncoding = 4; lastKnownFileType = sourcecode.c.h; path = InstrumentCellView.h; sourceTree = "<group>"; };
		A3B077791C0DF3BE0000C276 /* InstrumentCellView.m */ = {isa = PBXFileReference; fileEncoding = 4; lastKnownFileType = sourcecode.c.objc; path = InstrumentCellView.m; sourceTree = "<group>"; };
		A3B0777E1C0E38440000C276 /* PresetsTableViewController.h */ = {isa = PBXFileReference; fileEncoding = 4; lastKnownFileType = sourcecode.c.h; path = PresetsTableViewController.h; sourceTree = "<group>"; };
		A3B0777F1C0E38440000C276 /* PresetsTableViewController.mm */ = {isa = PBXFileReference; fileEncoding = 4; lastKnownFileType = sourcecode.cpp.objcpp; path = PresetsTableViewController.mm; sourceTree = "<group>"; };
		A3BC440F1C31D86800E74C67 /* Social.framework */ = {isa = PBXFileReference; lastKnownFileType = wrapper.framework; name = Social.framework; path = System/Library/Frameworks/Social.framework; sourceTree = SDKROOT; };
		A3BC80821C05CB5D00384791 /* FirstViewController.h */ = {isa = PBXFileReference; fileEncoding = 4; lastKnownFileType = sourcecode.c.h; path = FirstViewController.h; sourceTree = "<group>"; };
		A3BC80831C05CB5D00384791 /* FirstViewController.mm */ = {isa = PBXFileReference; fileEncoding = 4; lastKnownFileType = sourcecode.cpp.objcpp; path = FirstViewController.mm; sourceTree = "<group>"; };
		A3BF67F41C08BAE9006F8B24 /* ScaleSelectionTableViewController.h */ = {isa = PBXFileReference; fileEncoding = 4; lastKnownFileType = sourcecode.c.h; path = ScaleSelectionTableViewController.h; sourceTree = "<group>"; };
		A3BF67F51C08BAE9006F8B24 /* ScaleSelectionTableViewController.mm */ = {isa = PBXFileReference; fileEncoding = 4; lastKnownFileType = sourcecode.cpp.objcpp; path = ScaleSelectionTableViewController.mm; sourceTree = "<group>"; };
		A3BF67F71C08CB44006F8B24 /* Launch Screen.storyboard */ = {isa = PBXFileReference; fileEncoding = 4; lastKnownFileType = file.storyboard; path = "Launch Screen.storyboard"; sourceTree = "<group>"; };
		A3D7A4621C070B7100CD354D /* CircularBellsApp.h */ = {isa = PBXFileReference; lastKnownFileType = sourcecode.c.h; path = CircularBellsApp.h; sourceTree = "<group>"; };
		A3E69FB525862978009C80F1 /* Utils.h */ = {isa = PBXFileReference; explicitFileType = sourcecode.cpp.h; path = Utils.h; sourceTree = "<group>"; };
		A3EF0ACB1C00AB24008D5DBC /* mopRootView.cpp */ = {isa = PBXFileReference; fileEncoding = 4; lastKnownFileType = sourcecode.cpp.cpp; path = mopRootView.cpp; sourceTree = "<group>"; };
		A3EF0ACC1C00AB24008D5DBC /* mopRootView.h */ = {isa = PBXFileReference; fileEncoding = 4; lastKnownFileType = sourcecode.c.h; path = mopRootView.h; sourceTree = "<group>"; };
		A3EF0ACD1C00AB24008D5DBC /* mopView.cpp */ = {isa = PBXFileReference; fileEncoding = 4; lastKnownFileType = sourcecode.cpp.cpp; path = mopView.cpp; sourceTree = "<group>"; };
		A3EF0ACE1C00AB24008D5DBC /* mopView.h */ = {isa = PBXFileReference; fileEncoding = 4; lastKnownFileType = sourcecode.c.h; path = mopView.h; sourceTree = "<group>"; };
		A3EF0ACF1C00AB24008D5DBC /* mopViewController.h */ = {isa = PBXFileReference; fileEncoding = 4; lastKnownFileType = sourcecode.c.h; path = mopViewController.h; sourceTree = "<group>"; };
		A3EF0AD01C00AB24008D5DBC /* mopViews.h */ = {isa = PBXFileReference; fileEncoding = 4; lastKnownFileType = sourcecode.c.h; path = mopViews.h; sourceTree = "<group>"; };
		A3EF0AD11C00AB24008D5DBC /* mopViewsApp.h */ = {isa = PBXFileReference; fileEncoding = 4; lastKnownFileType = sourcecode.c.h; path = mopViewsApp.h; sourceTree = "<group>"; };
		A3F0175C2559C47C00A319A5 /* StoredStateManager.h */ = {isa = PBXFileReference; lastKnownFileType = sourcecode.c.h; path = StoredStateManager.h; sourceTree = "<group>"; };
		A3F017612559C8CD00A319A5 /* StoredStateManager_iOS.mm */ = {isa = PBXFileReference; lastKnownFileType = sourcecode.cpp.objcpp; path = StoredStateManager_iOS.mm; sourceTree = "<group>"; };
		A3FA44CC25489B4E004931B5 /* libpd.xcodeproj */ = {isa = PBXFileReference; lastKnownFileType = "wrapper.pb-project"; name = libpd.xcodeproj; path = "../../pd-for-ios/libpd/libpd.xcodeproj"; sourceTree = "<group>"; };
		A3FA44F225489D25004931B5 /* CoreServices.framework */ = {isa = PBXFileReference; lastKnownFileType = wrapper.framework; name = CoreServices.framework; path = System/Library/Frameworks/CoreServices.framework; sourceTree = SDKROOT; };
		A3FA44F525489DED004931B5 /* pd-sampler */ = {isa = PBXFileReference; lastKnownFileType = folder; name = "pd-sampler"; path = "../../pd-sampler"; sourceTree = "<group>"; };
		BEBF5E2121D644A190B307D0 /* CircularBells_Prefix.pch */ = {isa = PBXFileReference; lastKnownFileType = "\"\""; path = CircularBells_Prefix.pch; sourceTree = "<group>"; };
		C725E000121DAC8F00FA186B /* AVFoundation.framework */ = {isa = PBXFileReference; lastKnownFileType = wrapper.framework; name = AVFoundation.framework; path = System/Library/Frameworks/AVFoundation.framework; sourceTree = SDKROOT; };
		C727C02B121B400300192073 /* CoreMedia.framework */ = {isa = PBXFileReference; lastKnownFileType = wrapper.framework; name = CoreMedia.framework; path = System/Library/Frameworks/CoreMedia.framework; sourceTree = SDKROOT; };
		C727C02D121B400300192073 /* CoreVideo.framework */ = {isa = PBXFileReference; lastKnownFileType = wrapper.framework; name = CoreVideo.framework; path = System/Library/Frameworks/CoreVideo.framework; sourceTree = SDKROOT; };
		C7FB19D5124BC0D70045AFD2 /* AudioToolbox.framework */ = {isa = PBXFileReference; lastKnownFileType = wrapper.framework; name = AudioToolbox.framework; path = System/Library/Frameworks/AudioToolbox.framework; sourceTree = SDKROOT; };
		DDDDDF6A1138442D0091DDDD /* MobileCoreServices.framework */ = {isa = PBXFileReference; lastKnownFileType = wrapper.framework; name = MobileCoreServices.framework; path = System/Library/Frameworks/MobileCoreServices.framework; sourceTree = SDKROOT; };
		F4BBDDA1C472442C8509E1E9 /* CinderApp_ios.png */ = {isa = PBXFileReference; lastKnownFileType = "\"\""; name = CinderApp_ios.png; path = ../resources/CinderApp_ios.png; sourceTree = "<group>"; };
		F9DEEB22B4F54E51A99B63BF /* CircularBellsApp.mm */ = {isa = PBXFileReference; lastKnownFileType = sourcecode.cpp.objcpp; path = CircularBellsApp.mm; sourceTree = "<group>"; };
/* End PBXFileReference section */

/* Begin PBXFrameworksBuildPhase section */
		00692BCC14FF149000D0A05E /* Frameworks */ = {
			isa = PBXFrameworksBuildPhase;
			buildActionMask = 2147483647;
			files = (
				A3FA44E325489BD6004931B5 /* libpd-ios.a in Frameworks */,
				A3FA44E225489BC9004931B5 /* AVFoundation.framework in Frameworks */,
				A3BC44101C31D86800E74C67 /* Social.framework in Frameworks */,
				A3FA44F325489D25004931B5 /* CoreServices.framework in Frameworks */,
				C725E001121DAC8FFFFA18FF /* ImageIO.framework in Frameworks */,
				1D60589F0D05DD5A006BFB54 /* Foundation.framework in Frameworks */,
				1DF5F4E00D08C38300B7A737 /* UIKit.framework in Frameworks */,
				28FD15000DC6FC520079059D /* OpenGLES.framework in Frameworks */,
				28FD15080DC6FC5B0079059D /* QuartzCore.framework in Frameworks */,
				A305D2021C1F36940002446F /* SystemConfiguration.framework in Frameworks */,
				00CFDF6B1138442D0091E310 /* CoreGraphics.framework in Frameworks */,
				C7FB19D6124BC0D70045AFD2 /* AudioToolbox.framework in Frameworks */,
				A3A4C0101C0DB28200812274 /* StoreKit.framework in Frameworks */,
				00A66A361965AC8800B17EB3 /* Accelerate.framework in Frameworks */,
				A305D2011C1F36940002446F /* Security.framework in Frameworks */,
				0087D25512CD809F002CD69F /* CoreText.framework in Frameworks */,
			);
			runOnlyForDeploymentPostprocessing = 0;
		};
/* End PBXFrameworksBuildPhase section */

/* Begin PBXGroup section */
		00692BC414FF149000D0A05E = {
			isa = PBXGroup;
			children = (
				A3FA44CC25489B4E004931B5 /* libpd.xcodeproj */,
				00692BD914FF149000D0A05E /* Source */,
				00748057165D41390024B57A /* assets */,
				A3FA44F525489DED004931B5 /* pd-sampler */,
				00692BD914FF149000D0FFFF /* Resources */,
				A3A9CA9C1C010CA600CAE19B /* Sounds */,
				99692BD914FF149000DFFFFF /* Blocks */,
				00692BD214FF149000D0A05E /* Frameworks */,
				00692BD014FF149000D0A05E /* Products */,
			);
			sourceTree = "<group>";
		};
		00692BD014FF149000D0A05E /* Products */ = {
			isa = PBXGroup;
			children = (
				00692BCF14FF149000D0A05E /* Circular Bells.app */,
			);
			name = Products;
			sourceTree = "<group>";
		};
		00692BD214FF149000D0A05E /* Frameworks */ = {
			isa = PBXGroup;
			children = (
				A3FA44F225489D25004931B5 /* CoreServices.framework */,
				A3BC440F1C31D86800E74C67 /* Social.framework */,
				A305D1FE1C1F36940002446F /* Security.framework */,
				A305D1FF1C1F36940002446F /* SystemConfiguration.framework */,
				A305D2001C1F36940002446F /* Crashlytics.framework */,
				A305D1FA1C1F35AC0002446F /* Fabric.framework */,
				A3A4C00F1C0DB28200812274 /* StoreKit.framework */,
				A36851C41C09B6A800180A4D /* SceneKit.framework */,
				A38503551C0738D7001F1866 /* iAd.framework */,
				C7FB19D5124BC0D70045AFD2 /* AudioToolbox.framework */,
				00A66A351965AC8800B17EB3 /* Accelerate.framework */,
				C727C02B121B400300192073 /* CoreMedia.framework */,
				C727C02D121B400300192073 /* CoreVideo.framework */,
				28FD15070DC6FC5B0079059D /* QuartzCore.framework */,
				28FD14FF0DC6FC520079059D /* OpenGLES.framework */,
				1DF5F4DF0D08C38300B7A737 /* UIKit.framework */,
				1D30AB110D05D00D00671497 /* Foundation.framework */,
				00CFDF6A1138442D0091E310 /* CoreGraphics.framework */,
				00CFDF6A1138442D0091FFFF /* ImageIO.framework */,
				DDDDDF6A1138442D0091DDDD /* MobileCoreServices.framework */,
				C725E000121DAC8F00FA186B /* AVFoundation.framework */,
				0087D25412CD809F002CD69F /* CoreText.framework */,
			);
			name = Frameworks;
			sourceTree = "<group>";
		};
		00692BD914FF149000D0A05E /* Source */ = {
			isa = PBXGroup;
			children = (
				A3BF67F31C08BA95006F8B24 /* View Controllers */,
				A3A9CA921C00F50700CAE19B /* Views */,
				A3A9CA961C0106CC00CAE19B /* EPSSampler.h */,
				A3A9CA971C0106CC00CAE19B /* EPSSampler.m */,
				A3A4C0091C0C7A9900812274 /* MBProgressHUD.h */,
				A3A4C00A1C0C7A9900812274 /* MBProgressHUD.m */,
				A3D7A4621C070B7100CD354D /* CircularBellsApp.h */,
				F9DEEB22B4F54E51A99B63BF /* CircularBellsApp.mm */,
				A3A4C00C1C0C8A3B00812274 /* StoreObserver.h */,
				A3A4C00D1C0C8A3B00812274 /* StoreObserver.m */,
				A39520891C37DA95007FD1C9 /* lzw.h */,
				A375D7841C3D935B00510021 /* CBAppDelegateImpl.h */,
				A375D7851C3D935B00510021 /* CBAppDelegateImpl.mm */,
				A30F8F2E254C622E000920B5 /* PDSampler.h */,
				A30F8F32254C631A000920B5 /* PDSampler.mm */,
				A3F0175C2559C47C00A319A5 /* StoredStateManager.h */,
				A3F017612559C8CD00A319A5 /* StoredStateManager_iOS.mm */,
				A3E69FB525862978009C80F1 /* Utils.h */,
			);
			name = Source;
			path = ../src;
			sourceTree = "<group>";
		};
		00692BD914FF149000D0FFFF /* Resources */ = {
			isa = PBXGroup;
			children = (
				A31340AC1C10A4DF0099FED3 /* iTunesArtwork */,
				A31340AD1C10A4DF0099FED3 /* iTunesArtwork@2x */,
				BEBF5E2121D644A190B307D0 /* CircularBells_Prefix.pch */,
				F4BBDDA1C472442C8509E1E9 /* CinderApp_ios.png */,
				03240AEABE9D4FBC87CA7719 /* Images.xcassets */,
				96F8211F2EEB48B5AC79BBB9 /* Info.plist */,
				A3BF67F71C08CB44006F8B24 /* Launch Screen.storyboard */,
				A37E4A401C567DCA003C9760 /* Storyboard.storyboard */,
				A37E4A471C567F54003C9760 /* Localizable.strings */,
			);
			name = Resources;
			sourceTree = "<group>";
		};
		99692BD914FF149000DFFFFF /* Blocks */ = {
			isa = PBXGroup;
			children = (
				A3EF0AC71C00AB24008D5DBC /* mopViews */,
			);
			name = Blocks;
			sourceTree = "<group>";
		};
		A3A9CA921C00F50700CAE19B /* Views */ = {
			isa = PBXGroup;
			children = (
				A3A9CA941C00F52000CAE19B /* BellView.h */,
				A3A9CA931C00F52000CAE19B /* BellView.cpp */,
				A3B077781C0DF3BE0000C276 /* InstrumentCellView.h */,
				A3B077791C0DF3BE0000C276 /* InstrumentCellView.m */,
			);
			name = Views;
			sourceTree = "<group>";
		};
		A3BF67F31C08BA95006F8B24 /* View Controllers */ = {
			isa = PBXGroup;
			children = (
				A3BC80821C05CB5D00384791 /* FirstViewController.h */,
				A3BC80831C05CB5D00384791 /* FirstViewController.mm */,
				A3BF67F41C08BAE9006F8B24 /* ScaleSelectionTableViewController.h */,
				A3BF67F51C08BAE9006F8B24 /* ScaleSelectionTableViewController.mm */,
				A36851C81C0B4E7C00180A4D /* SupportUsViewController.h */,
				A36851C91C0B4E7C00180A4D /* SupportUsViewController.mm */,
				A3B077751C0DD4E50000C276 /* InstrumentSelectViewController.h */,
				A3B077761C0DD4E50000C276 /* InstrumentSelectViewController.mm */,
				A3B0777E1C0E38440000C276 /* PresetsTableViewController.h */,
				A3B0777F1C0E38440000C276 /* PresetsTableViewController.mm */,
			);
			name = "View Controllers";
			sourceTree = "<group>";
		};
		A3EF0AC71C00AB24008D5DBC /* mopViews */ = {
			isa = PBXGroup;
			children = (
				A3EF0ACA1C00AB24008D5DBC /* src */,
			);
			name = mopViews;
			path = ../blocks/mopViews;
			sourceTree = "<group>";
		};
		A3EF0ACA1C00AB24008D5DBC /* src */ = {
			isa = PBXGroup;
			children = (
				A3EF0ACB1C00AB24008D5DBC /* mopRootView.cpp */,
				A3EF0ACC1C00AB24008D5DBC /* mopRootView.h */,
				A3EF0ACD1C00AB24008D5DBC /* mopView.cpp */,
				A3EF0ACE1C00AB24008D5DBC /* mopView.h */,
				A3EF0ACF1C00AB24008D5DBC /* mopViewController.h */,
				A3EF0AD01C00AB24008D5DBC /* mopViews.h */,
				A3EF0AD11C00AB24008D5DBC /* mopViewsApp.h */,
			);
			path = src;
			sourceTree = "<group>";
		};
		A3FA44CD25489B4E004931B5 /* Products */ = {
			isa = PBXGroup;
			children = (
				A3FA44D425489B4E004931B5 /* libpd-ios.a */,
				A3FA44D625489B4E004931B5 /* libpd-osx.a */,
				A3FA44D825489B4E004931B5 /* libpd-ios-multi.a */,
				A3FA44DA25489B4E004931B5 /* libpd-osx-multi.a */,
			);
			name = Products;
			sourceTree = "<group>";
		};
/* End PBXGroup section */

/* Begin PBXNativeTarget section */
		00692BCE14FF149000D0A05E /* Circular Bells */ = {
			isa = PBXNativeTarget;
			buildConfigurationList = 00692BF514FF149000D0A05E /* Build configuration list for PBXNativeTarget "Circular Bells" */;
			buildPhases = (
				00692BCB14FF149000D0A05E /* Sources */,
				00692BCC14FF149000D0A05E /* Frameworks */,
				00692BCD14FF149000D0A05E /* Resources */,
				A305D1F91C1F357B0002446F /* Run Script */,
			);
			buildRules = (
			);
			dependencies = (
				A3FA44E125489BA5004931B5 /* PBXTargetDependency */,
			);
			name = "Circular Bells";
			productName = CircularBells;
			productReference = 00692BCF14FF149000D0A05E /* Circular Bells.app */;
			productType = "com.apple.product-type.application";
		};
/* End PBXNativeTarget section */

/* Begin PBXProject section */
		00692BC614FF149000D0A05E /* Project object */ = {
			isa = PBXProject;
			attributes = {
				LastSwiftUpdateCheck = 0720;
				LastUpgradeCheck = 1210;
				TargetAttributes = {
					00692BCE14FF149000D0A05E = {
						DevelopmentTeam = 4P5WJRFVXA;
						LastSwiftMigration = 1220;
						ProvisioningStyle = Automatic;
						SystemCapabilities = {
							com.apple.InAppPurchase = {
								enabled = 1;
							};
						};
					};
				};
			};
			buildConfigurationList = 00692BC914FF149000D0A05E /* Build configuration list for PBXProject "CircularBells" */;
			compatibilityVersion = "Xcode 3.2";
			developmentRegion = en;
			hasScannedForEncodings = 0;
			knownRegions = (
				en,
				Base,
				it,
				es,
			);
			mainGroup = 00692BC414FF149000D0A05E;
			productRefGroup = 00692BD014FF149000D0A05E /* Products */;
			projectDirPath = "";
			projectReferences = (
				{
					ProductGroup = A3FA44CD25489B4E004931B5 /* Products */;
					ProjectRef = A3FA44CC25489B4E004931B5 /* libpd.xcodeproj */;
				},
			);
			projectRoot = "";
			targets = (
				00692BCE14FF149000D0A05E /* Circular Bells */,
			);
		};
/* End PBXProject section */

/* Begin PBXReferenceProxy section */
		A3FA44D425489B4E004931B5 /* libpd-ios.a */ = {
			isa = PBXReferenceProxy;
			fileType = archive.ar;
			path = "libpd-ios.a";
			remoteRef = A3FA44D325489B4E004931B5 /* PBXContainerItemProxy */;
			sourceTree = BUILT_PRODUCTS_DIR;
		};
		A3FA44D625489B4E004931B5 /* libpd-osx.a */ = {
			isa = PBXReferenceProxy;
			fileType = archive.ar;
			path = "libpd-osx.a";
			remoteRef = A3FA44D525489B4E004931B5 /* PBXContainerItemProxy */;
			sourceTree = BUILT_PRODUCTS_DIR;
		};
		A3FA44D825489B4E004931B5 /* libpd-ios-multi.a */ = {
			isa = PBXReferenceProxy;
			fileType = archive.ar;
			path = "libpd-ios-multi.a";
			remoteRef = A3FA44D725489B4E004931B5 /* PBXContainerItemProxy */;
			sourceTree = BUILT_PRODUCTS_DIR;
		};
		A3FA44DA25489B4E004931B5 /* libpd-osx-multi.a */ = {
			isa = PBXReferenceProxy;
			fileType = archive.ar;
			path = "libpd-osx-multi.a";
			remoteRef = A3FA44D925489B4E004931B5 /* PBXContainerItemProxy */;
			sourceTree = BUILT_PRODUCTS_DIR;
		};
/* End PBXReferenceProxy section */

/* Begin PBXResourcesBuildPhase section */
		00692BCD14FF149000D0A05E /* Resources */ = {
			isa = PBXResourcesBuildPhase;
			buildActionMask = 2147483647;
			files = (
				A3BF67F81C08CB44006F8B24 /* Launch Screen.storyboard in Resources */,
				A3A9CA9D1C010CA600CAE19B /* Sounds in Resources */,
				00748058165D41390024B57A /* assets in Resources */,
				A31340AF1C10A4DF0099FED3 /* iTunesArtwork@2x in Resources */,
				A37E4A451C567F54003C9760 /* Localizable.strings in Resources */,
				A3FA44F625489DED004931B5 /* pd-sampler in Resources */,
				A31340AE1C10A4DF0099FED3 /* iTunesArtwork in Resources */,
				46D99625DF0E40B1AEBA0A3F /* CinderApp_ios.png in Resources */,
				9D20CA325E33400FAC4C376B /* Images.xcassets in Resources */,
				A37E4A3E1C567DCA003C9760 /* Storyboard.storyboard in Resources */,
			);
			runOnlyForDeploymentPostprocessing = 0;
		};
/* End PBXResourcesBuildPhase section */

/* Begin PBXShellScriptBuildPhase section */
		A305D1F91C1F357B0002446F /* Run Script */ = {
			isa = PBXShellScriptBuildPhase;
			buildActionMask = 2147483647;
			files = (
			);
			inputPaths = (
			);
			name = "Run Script";
			outputPaths = (
			);
			runOnlyForDeploymentPostprocessing = 0;
			shellPath = /bin/sh;
			shellScript = "./Fabric.framework/run ddb29e64c009024b2d39faa2e1e721cdb2194123 dc2217db9134c8a76eb6744fc0160365baea7f066f1f66e042fd0703250b1ce7\n";
		};
/* End PBXShellScriptBuildPhase section */

/* Begin PBXSourcesBuildPhase section */
		00692BCB14FF149000D0A05E /* Sources */ = {
			isa = PBXSourcesBuildPhase;
			buildActionMask = 2147483647;
			files = (
				A3EF0AD51C00AB24008D5DBC /* mopView.cpp in Sources */,
				A3B0777A1C0DF3BE0000C276 /* InstrumentCellView.m in Sources */,
				A36851CA1C0B4E7C00180A4D /* SupportUsViewController.mm in Sources */,
				A3BF67F61C08BAE9006F8B24 /* ScaleSelectionTableViewController.mm in Sources */,
				A3BC80841C05CB5D00384791 /* FirstViewController.mm in Sources */,
				A3B077801C0E38440000C276 /* PresetsTableViewController.mm in Sources */,
				A3A9CA981C0106CC00CAE19B /* EPSSampler.m in Sources */,
				D950037824BA4FA98FD65087 /* CircularBellsApp.mm in Sources */,
				A3F017632559CB9900A319A5 /* StoredStateManager_iOS.mm in Sources */,
				A3A4C00B1C0C7A9900812274 /* MBProgressHUD.m in Sources */,
				A375D7861C3D935B00510021 /* CBAppDelegateImpl.mm in Sources */,
				A3EF0AD41C00AB24008D5DBC /* mopRootView.cpp in Sources */,
				A3A4C00E1C0C8A3B00812274 /* StoreObserver.m in Sources */,
				A30F8F33254C631A000920B5 /* PDSampler.mm in Sources */,
				A3B077771C0DD4E50000C276 /* InstrumentSelectViewController.mm in Sources */,
				A3A9CA951C00F52000CAE19B /* BellView.cpp in Sources */,
			);
			runOnlyForDeploymentPostprocessing = 0;
		};
/* End PBXSourcesBuildPhase section */

/* Begin PBXTargetDependency section */
		A3FA44E125489BA5004931B5 /* PBXTargetDependency */ = {
			isa = PBXTargetDependency;
			name = "libpd-ios";
			targetProxy = A3FA44E025489BA5004931B5 /* PBXContainerItemProxy */;
		};
/* End PBXTargetDependency section */

/* Begin PBXVariantGroup section */
		A37E4A401C567DCA003C9760 /* Storyboard.storyboard */ = {
			isa = PBXVariantGroup;
			children = (
				A37E4A411C567DD7003C9760 /* Base */,
				A37E4A421C567DF6003C9760 /* it */,
				A36DD9C31C5A21840073891D /* es */,
			);
			name = Storyboard.storyboard;
			sourceTree = "<group>";
		};
		A37E4A471C567F54003C9760 /* Localizable.strings */ = {
			isa = PBXVariantGroup;
			children = (
				A37E4A461C567F54003C9760 /* Base */,
				A341675C1C56A8F30084A4D8 /* it */,
				A36DD9C41C5A21840073891D /* es */,
			);
			name = Localizable.strings;
			sourceTree = "<group>";
		};
/* End PBXVariantGroup section */

/* Begin XCBuildConfiguration section */
		00692BF314FF149000D0A05E /* Debug */ = {
			isa = XCBuildConfiguration;
			buildSettings = {
				ALWAYS_SEARCH_USER_PATHS = NO;
				ASSETCATALOG_COMPILER_LAUNCHIMAGE_NAME = LaunchImage;
				CINDER_PATH = /Users/morpheu5/src/libcinder;
				CLANG_ANALYZER_LOCALIZABILITY_NONLOCALIZED = YES;
				CLANG_CXX_LANGUAGE_STANDARD = "c++0x";
				CLANG_CXX_LIBRARY = "compiler-default";
				CLANG_ENABLE_MODULES = YES;
				CLANG_WARN_BLOCK_CAPTURE_AUTORELEASING = YES;
				CLANG_WARN_BOOL_CONVERSION = YES;
				CLANG_WARN_COMMA = YES;
				CLANG_WARN_CONSTANT_CONVERSION = YES;
				CLANG_WARN_DEPRECATED_OBJC_IMPLEMENTATIONS = YES;
				CLANG_WARN_EMPTY_BODY = YES;
				CLANG_WARN_ENUM_CONVERSION = YES;
				CLANG_WARN_INFINITE_RECURSION = YES;
				CLANG_WARN_INT_CONVERSION = YES;
				CLANG_WARN_NON_LITERAL_NULL_CONVERSION = YES;
				CLANG_WARN_OBJC_IMPLICIT_RETAIN_SELF = YES;
				CLANG_WARN_OBJC_LITERAL_CONVERSION = YES;
				CLANG_WARN_QUOTED_INCLUDE_IN_FRAMEWORK_HEADER = YES;
				CLANG_WARN_RANGE_LOOP_ANALYSIS = YES;
				CLANG_WARN_STRICT_PROTOTYPES = YES;
				CLANG_WARN_SUSPICIOUS_MOVE = YES;
				CLANG_WARN_UNREACHABLE_CODE = YES;
				CLANG_WARN__DUPLICATE_METHOD_MATCH = YES;
				CODE_SIGN_IDENTITY = "iPhone Developer: Andrea Franceschini (APT37F7659)";
				"CODE_SIGN_IDENTITY[sdk=iphoneos*]" = "iPhone Developer: Andrea Franceschini (APT37F7659)";
				COPY_PHASE_STRIP = NO;
				DEAD_CODE_STRIPPING = YES;
				DEFINES_MODULE = YES;
				ENABLE_STRICT_OBJC_MSGSEND = YES;
				ENABLE_TESTABILITY = YES;
				GCC_C_LANGUAGE_STANDARD = c11;
				GCC_DYNAMIC_NO_PIC = NO;
				GCC_NO_COMMON_BLOCKS = YES;
				GCC_OPTIMIZATION_LEVEL = 0;
				GCC_PREPROCESSOR_DEFINITIONS = (
					"DEBUG=1",
					"$(inherited)",
				);
				GCC_SYMBOLS_PRIVATE_EXTERN = NO;
				GCC_VERSION = "";
				GCC_WARN_64_TO_32_BIT_CONVERSION = YES;
				GCC_WARN_ABOUT_MISSING_PROTOTYPES = YES;
				GCC_WARN_ABOUT_RETURN_TYPE = YES;
				GCC_WARN_UNDECLARED_SELECTOR = YES;
				GCC_WARN_UNINITIALIZED_AUTOS = YES;
				GCC_WARN_UNUSED_FUNCTION = YES;
				GCC_WARN_UNUSED_VARIABLE = YES;
				HEADER_SEARCH_PATHS = "\"$(CINDER_PATH)/include\"";
				IPHONEOS_DEPLOYMENT_TARGET = 12.0;
				ONLY_ACTIVE_ARCH = YES;
				PROVISIONING_PROFILE = "e677647f-b123-45b3-a88b-a2ad66c03e1c";
				SDKROOT = iphoneos;
				TARGETED_DEVICE_FAMILY = "1,2";
				USER_HEADER_SEARCH_PATHS = "\"$(CINDER_PATH)/include\" ../include ../../pd-for-ios/** ../blocks/**";
			};
			name = Debug;
		};
		00692BF414FF149000D0A05E /* Release */ = {
			isa = XCBuildConfiguration;
			buildSettings = {
				ALWAYS_SEARCH_USER_PATHS = NO;
				ASSETCATALOG_COMPILER_LAUNCHIMAGE_NAME = LaunchImage;
				CINDER_PATH = /Users/morpheu5/src/libcinder;
				CLANG_ANALYZER_LOCALIZABILITY_NONLOCALIZED = YES;
				CLANG_CXX_LANGUAGE_STANDARD = "c++0x";
				CLANG_CXX_LIBRARY = "compiler-default";
				CLANG_ENABLE_MODULES = YES;
				CLANG_WARN_BLOCK_CAPTURE_AUTORELEASING = YES;
				CLANG_WARN_BOOL_CONVERSION = YES;
				CLANG_WARN_COMMA = YES;
				CLANG_WARN_CONSTANT_CONVERSION = YES;
				CLANG_WARN_DEPRECATED_OBJC_IMPLEMENTATIONS = YES;
				CLANG_WARN_EMPTY_BODY = YES;
				CLANG_WARN_ENUM_CONVERSION = YES;
				CLANG_WARN_INFINITE_RECURSION = YES;
				CLANG_WARN_INT_CONVERSION = YES;
				CLANG_WARN_NON_LITERAL_NULL_CONVERSION = YES;
				CLANG_WARN_OBJC_IMPLICIT_RETAIN_SELF = YES;
				CLANG_WARN_OBJC_LITERAL_CONVERSION = YES;
				CLANG_WARN_QUOTED_INCLUDE_IN_FRAMEWORK_HEADER = YES;
				CLANG_WARN_RANGE_LOOP_ANALYSIS = YES;
				CLANG_WARN_STRICT_PROTOTYPES = YES;
				CLANG_WARN_SUSPICIOUS_MOVE = YES;
				CLANG_WARN_UNREACHABLE_CODE = YES;
				CLANG_WARN__DUPLICATE_METHOD_MATCH = YES;
				CODE_SIGN_IDENTITY = "iPhone Distribution";
				"CODE_SIGN_IDENTITY[sdk=iphoneos*]" = "iPhone Distribution";
				COPY_PHASE_STRIP = YES;
				DEAD_CODE_STRIPPING = YES;
				DEFINES_MODULE = YES;
				ENABLE_STRICT_OBJC_MSGSEND = YES;
				GCC_C_LANGUAGE_STANDARD = c11;
				GCC_NO_COMMON_BLOCKS = YES;
				GCC_PREPROCESSOR_DEFINITIONS = (
					"NDEBUG=1",
					"$(inherited)",
				);
				GCC_VERSION = "";
				GCC_WARN_64_TO_32_BIT_CONVERSION = YES;
				GCC_WARN_ABOUT_MISSING_PROTOTYPES = YES;
				GCC_WARN_ABOUT_RETURN_TYPE = YES;
				GCC_WARN_UNDECLARED_SELECTOR = YES;
				GCC_WARN_UNINITIALIZED_AUTOS = YES;
				GCC_WARN_UNUSED_FUNCTION = YES;
				GCC_WARN_UNUSED_VARIABLE = YES;
				HEADER_SEARCH_PATHS = "\"$(CINDER_PATH)/include\"";
				IPHONEOS_DEPLOYMENT_TARGET = 12.0;
				OTHER_CFLAGS = "-DNS_BLOCK_ASSERTIONS=1";
				PROVISIONING_PROFILE = "42bc9de1-533d-498f-815b-966ad277953d";
				SDKROOT = iphoneos;
				TARGETED_DEVICE_FAMILY = "1,2";
				USER_HEADER_SEARCH_PATHS = "\"$(CINDER_PATH)/include\" ../include ../../pd-for-ios/** ../blocks/**";
				VALIDATE_PRODUCT = YES;
			};
			name = Release;
		};
		00692BF614FF149000D0A05E /* Debug */ = {
			isa = XCBuildConfiguration;
			buildSettings = {
				ASSETCATALOG_COMPILER_APPICON_NAME = AppIcon;
				ASSETCATALOG_COMPILER_LAUNCHIMAGE_NAME = LaunchImage;
				CINDER_PATH = /Users/morpheu5/src/libcinder;
				CLANG_ENABLE_MODULES = YES;
				CLANG_ENABLE_OBJC_WEAK = YES;
				CODE_SIGN_IDENTITY = "iPhone Developer";
				"CODE_SIGN_IDENTITY[sdk=iphoneos*]" = "iPhone Developer";
				CODE_SIGN_STYLE = Automatic;
				DEVELOPMENT_TEAM = 4P5WJRFVXA;
				ENABLE_BITCODE = NO;
				FRAMEWORK_SEARCH_PATHS = (
					"$(inherited)",
					"$(PROJECT_DIR)",
				);
				GCC_PRECOMPILE_PREFIX_HEADER = YES;
				GCC_PREFIX_HEADER = CircularBells_Prefix.pch;
				GCC_PREPROCESSOR_DEFINITIONS = (
					"DEBUG=1",
					"$(inherited)",
				);
				INFOPLIST_FILE = Info.plist;
				LD_RUNPATH_SEARCH_PATHS = "$(inherited) @executable_path/Frameworks";
				"OTHER_LDFLAGS[sdk=iphoneos*][arch=*]" = (
					"\"$(CINDER_PATH)/lib/ios/Debug/libcinder.a\"",
					"-lz",
					"$(CINDER_PATH)/lib/ios/Debug/libcinder.a",
				);
				"OTHER_LDFLAGS[sdk=iphonesimulator*][arch=*]" = (
					"\"$(CINDER_PATH)/lib/ios-sim/Debug/libcinder.a\"",
					"-lz",
					"$(CINDER_PATH)/lib/ios-sim/Debug/libcinder.a",
				);
				PRODUCT_BUNDLE_IDENTIFIER = net.morpheu5.CircularBells;
				PRODUCT_NAME = "$(TARGET_NAME)";
				PROVISIONING_PROFILE = "";
				PROVISIONING_PROFILE_SPECIFIER = "";
				SWIFT_OBJC_BRIDGING_HEADER = "../src/Circular Bells-Bridging-Header.h";
				SWIFT_OPTIMIZATION_LEVEL = "-Onone";
				SWIFT_VERSION = 5.0;
				TARGETED_DEVICE_FAMILY = "1,2";
				WRAPPER_EXTENSION = app;
			};
			name = Debug;
		};
		00692BF714FF149000D0A05E /* Release */ = {
			isa = XCBuildConfiguration;
			buildSettings = {
				ASSETCATALOG_COMPILER_APPICON_NAME = AppIcon;
				ASSETCATALOG_COMPILER_LAUNCHIMAGE_NAME = LaunchImage;
				CINDER_PATH = /Users/morpheu5/src/libcinder;
				CLANG_ENABLE_MODULES = YES;
				CLANG_ENABLE_OBJC_WEAK = YES;
				CODE_SIGN_IDENTITY = "iPhone Developer";
				"CODE_SIGN_IDENTITY[sdk=iphoneos*]" = "iPhone Developer";
				CODE_SIGN_STYLE = Automatic;
				DEVELOPMENT_TEAM = 4P5WJRFVXA;
				ENABLE_BITCODE = NO;
				FRAMEWORK_SEARCH_PATHS = (
					"$(inherited)",
					"$(PROJECT_DIR)",
				);
				GCC_PRECOMPILE_PREFIX_HEADER = YES;
				GCC_PREFIX_HEADER = CircularBells_Prefix.pch;
				GCC_PREPROCESSOR_DEFINITIONS = (
					"NDEBUG=1",
					"$(inherited)",
				);
				INFOPLIST_FILE = Info.plist;
				LD_RUNPATH_SEARCH_PATHS = "$(inherited) @executable_path/Frameworks";
				"OTHER_LDFLAGS[sdk=iphoneos*][arch=*]" = (
					"\"$(CINDER_PATH)/lib/ios/Release/libcinder.a\"",
					"-lz",
					"$(CINDER_PATH)/lib/ios/Release/libcinder.a",
				);
				"OTHER_LDFLAGS[sdk=iphonesimulator*][arch=*]" = (
					"\"$(CINDER_PATH)/lib/ios-sim/Release/libcinder.a\"",
					"-lz",
					"$(CINDER_PATH)/lib/ios-sim/Release/libcinder.a",
				);
				PRODUCT_BUNDLE_IDENTIFIER = net.morpheu5.CircularBells;
				PRODUCT_NAME = "$(TARGET_NAME)";
				PROVISIONING_PROFILE = "";
				PROVISIONING_PROFILE_SPECIFIER = "";
				SWIFT_OBJC_BRIDGING_HEADER = "../src/Circular Bells-Bridging-Header.h";
				SWIFT_VERSION = 5.0;
				TARGETED_DEVICE_FAMILY = "1,2";
				WRAPPER_EXTENSION = app;
			};
			name = Release;
		};
/* End XCBuildConfiguration section */

/* Begin XCConfigurationList section */
		00692BC914FF149000D0A05E /* Build configuration list for PBXProject "CircularBells" */ = {
			isa = XCConfigurationList;
			buildConfigurations = (
				00692BF314FF149000D0A05E /* Debug */,
				00692BF414FF149000D0A05E /* Release */,
			);
			defaultConfigurationIsVisible = 0;
			defaultConfigurationName = Release;
		};
		00692BF514FF149000D0A05E /* Build configuration list for PBXNativeTarget "Circular Bells" */ = {
			isa = XCConfigurationList;
			buildConfigurations = (
				00692BF614FF149000D0A05E /* Debug */,
				00692BF714FF149000D0A05E /* Release */,
			);
			defaultConfigurationIsVisible = 0;
			defaultConfigurationName = Release;
		};
/* End XCConfigurationList section */
	};
	rootObject = 00692BC614FF149000D0A05E /* Project object */;
}
